
Microsoft Visual Studio Solution File, Format Version 12.00
# Visual Studio Version 17
VisualStudioVersion = 17.14.36429.23 d17.14
MinimumVisualStudioVersion = 10.0.40219.1
Project("{FAE04EC0-301F-11D3-BF4B-00C04F79EFBC}") = "POOpractica1", "POOpractica1\POOpractica1.csproj", "{51DF1615-4993-46D3-8FEF-CE500459DF42}"
EndProject
Global
	GlobalSection(SolutionConfigurationPlatforms) = preSolution
		Debug|Any CPU = Debug|Any CPU
		Release|Any CPU = Release|Any CPU
	EndGlobalSection
	GlobalSection(ProjectConfigurationPlatforms) = postSolution
		{51DF1615-4993-46D3-8FEF-CE500459DF42}.Debug|Any CPU.ActiveCfg = Debug|Any CPU
		{51DF1615-4993-46D3-8FEF-CE500459DF42}.Debug|Any CPU.Build.0 = Debug|Any CPU
		{51DF1615-4993-46D3-8FEF-CE500459DF42}.Release|Any CPU.ActiveCfg = Release|Any CPU
		{51DF1615-4993-46D3-8FEF-CE500459DF42}.Release|Any CPU.Build.0 = Release|Any CPU
	EndGlobalSection
	GlobalSection(SolutionProperties) = preSolution
		HideSolutionNode = FALSE
	EndGlobalSection
	GlobalSection(ExtensibilityGlobals) = postSolution
		SolutionGuid = {63B773F9-898A-4DC6-88C3-B2BFDF41B321}
	EndGlobalSection
EndGlobal
